
Microsoft Visual Studio Solution File, Format Version 12.00
# Visual Studio Version 16
VisualStudioVersion = 16.0.31911.196
MinimumVisualStudioVersion = 10.0.40219.1
Project("{FAE04EC0-301F-11D3-BF4B-00C04F79EFBC}") = "publicApi", "publicApi\publicApi.csproj", "{4200581E-9A41-4DD8-9F02-54A1314D5859}"
EndProject
Global
	GlobalSection(SolutionConfigurationPlatforms) = preSolution
		Debug|Any CPU = Debug|Any CPU
		Release|Any CPU = Release|Any CPU
	EndGlobalSection
	GlobalSection(ProjectConfigurationPlatforms) = postSolution
		{4200581E-9A41-4DD8-9F02-54A1314D5859}.Debug|Any CPU.ActiveCfg = Debug|Any CPU
		{4200581E-9A41-4DD8-9F02-54A1314D5859}.Debug|Any CPU.Build.0 = Debug|Any CPU
		{4200581E-9A41-4DD8-9F02-54A1314D5859}.Release|Any CPU.ActiveCfg = Release|Any CPU
		{4200581E-9A41-4DD8-9F02-54A1314D5859}.Release|Any CPU.Build.0 = Release|Any CPU
	EndGlobalSection
	GlobalSection(SolutionProperties) = preSolution
		HideSolutionNode = FALSE
	EndGlobalSection
	GlobalSection(ExtensibilityGlobals) = postSolution
		SolutionGuid = {DB327833-90B6-42DE-9FF5-2AF24752E61F}
	EndGlobalSection
EndGlobal
